// !$*UTF8*$!
{
	archiveVersion = 1;
	classes = {
	};
	objectVersion = 48;
	objects = {

/* Begin PBXBuildFile section */
		912A12EB2124C4580017D494 /* CollectionViewCell.swift in Sources */ = {isa = PBXBuildFile; fileRef = 912A12E92124C4580017D494 /* CollectionViewCell.swift */; };
		912A12EC2124C4580017D494 /* CollectionViewCell.xib in Resources */ = {isa = PBXBuildFile; fileRef = 912A12EA2124C4580017D494 /* CollectionViewCell.xib */; };
		912A12EE2124C4E30017D494 /* TodoViewController.swift in Sources */ = {isa = PBXBuildFile; fileRef = 912A12ED2124C4E30017D494 /* TodoViewController.swift */; };
		915C8BAC212715E5007F6C11 /* TodoDetViewController.swift in Sources */ = {isa = PBXBuildFile; fileRef = 915C8BAB212715E5007F6C11 /* TodoDetViewController.swift */; };
		91691853212329CA00CB76F0 /* Notes.swift in Sources */ = {isa = PBXBuildFile; fileRef = 91691852212329CA00CB76F0 /* Notes.swift */; };
		AC1272A0210D059900FBCECE /* SwiftyJSON.framework in Frameworks */ = {isa = PBXBuildFile; fileRef = AC127293210D056F00FBCECE /* SwiftyJSON.framework */; };
		AC1272A1210D059900FBCECE /* SwiftyJSON.framework in Embed Frameworks */ = {isa = PBXBuildFile; fileRef = AC127293210D056F00FBCECE /* SwiftyJSON.framework */; settings = {ATTRIBUTES = (CodeSignOnCopy, RemoveHeadersOnCopy, ); }; };
		AC1272A5210D05A000FBCECE /* Alamofire.framework in Frameworks */ = {isa = PBXBuildFile; fileRef = AC12727A210D050200FBCECE /* Alamofire.framework */; };
		AC1272A6210D05A000FBCECE /* Alamofire.framework in Embed Frameworks */ = {isa = PBXBuildFile; fileRef = AC12727A210D050200FBCECE /* Alamofire.framework */; settings = {ATTRIBUTES = (CodeSignOnCopy, RemoveHeadersOnCopy, ); }; };
		AC1272AD210D087D00FBCECE /* TodoAPI.swift in Sources */ = {isa = PBXBuildFile; fileRef = AC1272AC210D087D00FBCECE /* TodoAPI.swift */; };
		AC14D16920E81700002306B5 /* AppDelegate.swift in Sources */ = {isa = PBXBuildFile; fileRef = AC14D16820E81700002306B5 /* AppDelegate.swift */; };
		AC14D17120E81700002306B5 /* MyTodoApp.xcdatamodeld in Sources */ = {isa = PBXBuildFile; fileRef = AC14D16F20E81700002306B5 /* MyTodoApp.xcdatamodeld */; };
		AC14D17320E81702002306B5 /* Assets.xcassets in Resources */ = {isa = PBXBuildFile; fileRef = AC14D17220E81702002306B5 /* Assets.xcassets */; };
		AC14D17620E81702002306B5 /* LaunchScreen.storyboard in Resources */ = {isa = PBXBuildFile; fileRef = AC14D17420E81702002306B5 /* LaunchScreen.storyboard */; };
		AC14D18320E81ACA002306B5 /* SignInViewController.swift in Sources */ = {isa = PBXBuildFile; fileRef = AC14D18220E81ACA002306B5 /* SignInViewController.swift */; };
		AC14D18720E82A13002306B5 /* Home.storyboard in Resources */ = {isa = PBXBuildFile; fileRef = AC14D18620E82A13002306B5 /* Home.storyboard */; };
		AC50FCF2210D004F00EA09B5 /* AboutViewController.swift in Sources */ = {isa = PBXBuildFile; fileRef = AC50FCF1210D004F00EA09B5 /* AboutViewController.swift */; };
		AC51C52F2103D9130047C4C5 /* ToDos.storyboard in Resources */ = {isa = PBXBuildFile; fileRef = AC51C52E2103D9130047C4C5 /* ToDos.storyboard */; };
		AC51C5312103DA490047C4C5 /* Notes.storyboard in Resources */ = {isa = PBXBuildFile; fileRef = AC51C5302103DA490047C4C5 /* Notes.storyboard */; };
		AC51C5342103DBD60047C4C5 /* TodoDetailViewController.swift in Sources */ = {isa = PBXBuildFile; fileRef = AC51C5332103DBD60047C4C5 /* TodoDetailViewController.swift */; };
		AC51C5372103DC340047C4C5 /* NotesViewController.swift in Sources */ = {isa = PBXBuildFile; fileRef = AC51C5362103DC340047C4C5 /* NotesViewController.swift */; };
		AC51C5392103DC4B0047C4C5 /* NotesDetailViewController.swift in Sources */ = {isa = PBXBuildFile; fileRef = AC51C5382103DC4B0047C4C5 /* NotesDetailViewController.swift */; };
		AC5F27B220F1558F00ABD813 /* Authentication.storyboard in Resources */ = {isa = PBXBuildFile; fileRef = AC5F27B120F1558F00ABD813 /* Authentication.storyboard */; };
		AC5F27B420F15C4E00ABD813 /* SignUpViewController.swift in Sources */ = {isa = PBXBuildFile; fileRef = AC5F27B320F15C4E00ABD813 /* SignUpViewController.swift */; };
		AC5F27B820F1634400ABD813 /* TodosViewController.swift in Sources */ = {isa = PBXBuildFile; fileRef = AC5F27B720F1634400ABD813 /* TodosViewController.swift */; };
		AC5F27BB20F1654B00ABD813 /* Todo.swift in Sources */ = {isa = PBXBuildFile; fileRef = AC5F27BA20F1654B00ABD813 /* Todo.swift */; };
		AC5F27BD20F165D200ABD813 /* Task.swift in Sources */ = {isa = PBXBuildFile; fileRef = AC5F27BC20F165D200ABD813 /* Task.swift */; };
		AC5F27C420F1677900ABD813 /* TodosTableViewCell.swift in Sources */ = {isa = PBXBuildFile; fileRef = AC5F27C220F1677900ABD813 /* TodosTableViewCell.swift */; };
		AC5F27C520F1677900ABD813 /* TodosTableViewCell.xib in Resources */ = {isa = PBXBuildFile; fileRef = AC5F27C320F1677900ABD813 /* TodosTableViewCell.xib */; };
		ACE7E89D211F7EFD00BC4F6B /* TodoEndPoint.swift in Sources */ = {isa = PBXBuildFile; fileRef = ACE7E89C211F7EFD00BC4F6B /* TodoEndPoint.swift */; };
		ACE7E8B3211FA63400BC4F6B /* ShowAlertViewController.swift in Sources */ = {isa = PBXBuildFile; fileRef = ACE7E8B2211FA63400BC4F6B /* ShowAlertViewController.swift */; };
/* End PBXBuildFile section */

/* Begin PBXContainerItemProxy section */
		AC127279210D050200FBCECE /* PBXContainerItemProxy */ = {
			isa = PBXContainerItemProxy;
			containerPortal = AC12726E210D050200FBCECE /* Alamofire.xcodeproj */;
			proxyType = 2;
			remoteGlobalIDString = F8111E3319A95C8B0040E7D1;
			remoteInfo = "Alamofire iOS";
		};
		AC12727B210D050200FBCECE /* PBXContainerItemProxy */ = {
			isa = PBXContainerItemProxy;
			containerPortal = AC12726E210D050200FBCECE /* Alamofire.xcodeproj */;
			proxyType = 2;
			remoteGlobalIDString = F8111E3E19A95C8B0040E7D1;
			remoteInfo = "Alamofire iOS Tests";
		};
		AC12727D210D050200FBCECE /* PBXContainerItemProxy */ = {
			isa = PBXContainerItemProxy;
			containerPortal = AC12726E210D050200FBCECE /* Alamofire.xcodeproj */;
			proxyType = 2;
			remoteGlobalIDString = 4DD67C0B1A5C55C900ED2280;
			remoteInfo = "Alamofire macOS";
		};
		AC12727F210D050200FBCECE /* PBXContainerItemProxy */ = {
			isa = PBXContainerItemProxy;
			containerPortal = AC12726E210D050200FBCECE /* Alamofire.xcodeproj */;
			proxyType = 2;
			remoteGlobalIDString = F829C6B21A7A94F100A2CD59;
			remoteInfo = "Alamofire macOS Tests";
		};
		AC127281210D050200FBCECE /* PBXContainerItemProxy */ = {
			isa = PBXContainerItemProxy;
			containerPortal = AC12726E210D050200FBCECE /* Alamofire.xcodeproj */;
			proxyType = 2;
			remoteGlobalIDString = 4CF626EF1BA7CB3E0011A099;
			remoteInfo = "Alamofire tvOS";
		};
		AC127283210D050200FBCECE /* PBXContainerItemProxy */ = {
			isa = PBXContainerItemProxy;
			containerPortal = AC12726E210D050200FBCECE /* Alamofire.xcodeproj */;
			proxyType = 2;
			remoteGlobalIDString = 4CF626F81BA7CB3E0011A099;
			remoteInfo = "Alamofire tvOS Tests";
		};
		AC127285210D050200FBCECE /* PBXContainerItemProxy */ = {
			isa = PBXContainerItemProxy;
			containerPortal = AC12726E210D050200FBCECE /* Alamofire.xcodeproj */;
			proxyType = 2;
			remoteGlobalIDString = E4202FE01B667AA100C997FB;
			remoteInfo = "Alamofire watchOS";
		};
		AC127292210D056F00FBCECE /* PBXContainerItemProxy */ = {
			isa = PBXContainerItemProxy;
			containerPortal = AC127287210D056F00FBCECE /* SwiftyJSON.xcodeproj */;
			proxyType = 2;
			remoteGlobalIDString = 2E4FEFDB19575BE100351305;
			remoteInfo = "SwiftyJSON iOS";
		};
		AC127294210D056F00FBCECE /* PBXContainerItemProxy */ = {
			isa = PBXContainerItemProxy;
			containerPortal = AC127287210D056F00FBCECE /* SwiftyJSON.xcodeproj */;
			proxyType = 2;
			remoteGlobalIDString = 2E4FEFE619575BE100351305;
			remoteInfo = "SwiftyJSON iOS Tests";
		};
		AC127296210D056F00FBCECE /* PBXContainerItemProxy */ = {
			isa = PBXContainerItemProxy;
			containerPortal = AC127287210D056F00FBCECE /* SwiftyJSON.xcodeproj */;
			proxyType = 2;
			remoteGlobalIDString = 9C7DFC5B1A9102BD005AA3F7;
			remoteInfo = "SwiftyJSON macOS";
		};
		AC127298210D056F00FBCECE /* PBXContainerItemProxy */ = {
			isa = PBXContainerItemProxy;
			containerPortal = AC127287210D056F00FBCECE /* SwiftyJSON.xcodeproj */;
			proxyType = 2;
			remoteGlobalIDString = 9C7DFC651A9102BD005AA3F7;
			remoteInfo = "SwiftyJSON macOS Tests";
		};
		AC12729A210D056F00FBCECE /* PBXContainerItemProxy */ = {
			isa = PBXContainerItemProxy;
			containerPortal = AC127287210D056F00FBCECE /* SwiftyJSON.xcodeproj */;
			proxyType = 2;
			remoteGlobalIDString = E4D7CCE81B9465A700EE7221;
			remoteInfo = "SwiftyJSON watchOS";
		};
		AC12729C210D056F00FBCECE /* PBXContainerItemProxy */ = {
			isa = PBXContainerItemProxy;
			containerPortal = AC127287210D056F00FBCECE /* SwiftyJSON.xcodeproj */;
			proxyType = 2;
			remoteGlobalIDString = 7236B4F61BAC14150020529B;
			remoteInfo = "SwiftyJSON tvOS";
		};
		AC12729E210D056F00FBCECE /* PBXContainerItemProxy */ = {
			isa = PBXContainerItemProxy;
			containerPortal = AC127287210D056F00FBCECE /* SwiftyJSON.xcodeproj */;
			proxyType = 2;
			remoteGlobalIDString = A8580F741BCF5C5B00DA927B;
			remoteInfo = "SwiftyJSON tvOS Tests";
		};
		AC1272A2210D059900FBCECE /* PBXContainerItemProxy */ = {
			isa = PBXContainerItemProxy;
			containerPortal = AC127287210D056F00FBCECE /* SwiftyJSON.xcodeproj */;
			proxyType = 1;
			remoteGlobalIDString = 2E4FEFDA19575BE100351305;
			remoteInfo = "SwiftyJSON iOS";
		};
		AC1272A7210D05A000FBCECE /* PBXContainerItemProxy */ = {
			isa = PBXContainerItemProxy;
			containerPortal = AC12726E210D050200FBCECE /* Alamofire.xcodeproj */;
			proxyType = 1;
			remoteGlobalIDString = F8111E3219A95C8B0040E7D1;
			remoteInfo = "Alamofire iOS";
		};
/* End PBXContainerItemProxy section */

/* Begin PBXCopyFilesBuildPhase section */
		AC1272A4210D059900FBCECE /* Embed Frameworks */ = {
			isa = PBXCopyFilesBuildPhase;
			buildActionMask = 2147483647;
			dstPath = "";
			dstSubfolderSpec = 10;
			files = (
				AC1272A1210D059900FBCECE /* SwiftyJSON.framework in Embed Frameworks */,
				AC1272A6210D05A000FBCECE /* Alamofire.framework in Embed Frameworks */,
			);
			name = "Embed Frameworks";
			runOnlyForDeploymentPostprocessing = 0;
		};
/* End PBXCopyFilesBuildPhase section */

/* Begin PBXFileReference section */
		912A12E92124C4580017D494 /* CollectionViewCell.swift */ = {isa = PBXFileReference; fileEncoding = 4; lastKnownFileType = sourcecode.swift; path = CollectionViewCell.swift; sourceTree = "<group>"; };
		912A12EA2124C4580017D494 /* CollectionViewCell.xib */ = {isa = PBXFileReference; fileEncoding = 4; lastKnownFileType = file.xib; path = CollectionViewCell.xib; sourceTree = "<group>"; };
		912A12ED2124C4E30017D494 /* TodoViewController.swift */ = {isa = PBXFileReference; lastKnownFileType = sourcecode.swift; path = TodoViewController.swift; sourceTree = "<group>"; };
		915C8BAB212715E5007F6C11 /* TodoDetViewController.swift */ = {isa = PBXFileReference; lastKnownFileType = sourcecode.swift; path = TodoDetViewController.swift; sourceTree = "<group>"; };
		91691852212329CA00CB76F0 /* Notes.swift */ = {isa = PBXFileReference; lastKnownFileType = sourcecode.swift; path = Notes.swift; sourceTree = "<group>"; };
		AC12726E210D050200FBCECE /* Alamofire.xcodeproj */ = {isa = PBXFileReference; lastKnownFileType = "wrapper.pb-project"; name = Alamofire.xcodeproj; path = Alamofire/Alamofire.xcodeproj; sourceTree = "<group>"; };
		AC127287210D056F00FBCECE /* SwiftyJSON.xcodeproj */ = {isa = PBXFileReference; lastKnownFileType = "wrapper.pb-project"; name = SwiftyJSON.xcodeproj; path = SwiftyJSON/SwiftyJSON.xcodeproj; sourceTree = "<group>"; };
		AC1272AC210D087D00FBCECE /* TodoAPI.swift */ = {isa = PBXFileReference; lastKnownFileType = sourcecode.swift; path = TodoAPI.swift; sourceTree = "<group>"; };
		AC14D16520E81700002306B5 /* MyTodoApp.app */ = {isa = PBXFileReference; explicitFileType = wrapper.application; includeInIndex = 0; path = MyTodoApp.app; sourceTree = BUILT_PRODUCTS_DIR; };
		AC14D16820E81700002306B5 /* AppDelegate.swift */ = {isa = PBXFileReference; lastKnownFileType = sourcecode.swift; path = AppDelegate.swift; sourceTree = "<group>"; };
		AC14D17020E81700002306B5 /* MyTodoApp.xcdatamodel */ = {isa = PBXFileReference; lastKnownFileType = wrapper.xcdatamodel; path = MyTodoApp.xcdatamodel; sourceTree = "<group>"; };
		AC14D17220E81702002306B5 /* Assets.xcassets */ = {isa = PBXFileReference; lastKnownFileType = folder.assetcatalog; path = Assets.xcassets; sourceTree = "<group>"; };
		AC14D17520E81702002306B5 /* Base */ = {isa = PBXFileReference; lastKnownFileType = file.storyboard; name = Base; path = Base.lproj/LaunchScreen.storyboard; sourceTree = "<group>"; };
		AC14D17720E81702002306B5 /* Info.plist */ = {isa = PBXFileReference; lastKnownFileType = text.plist.xml; path = Info.plist; sourceTree = "<group>"; };
		AC14D18220E81ACA002306B5 /* SignInViewController.swift */ = {isa = PBXFileReference; lastKnownFileType = sourcecode.swift; path = SignInViewController.swift; sourceTree = "<group>"; };
		AC14D18620E82A13002306B5 /* Home.storyboard */ = {isa = PBXFileReference; lastKnownFileType = file.storyboard; path = Home.storyboard; sourceTree = "<group>"; };
		AC50FCF1210D004F00EA09B5 /* AboutViewController.swift */ = {isa = PBXFileReference; lastKnownFileType = sourcecode.swift; path = AboutViewController.swift; sourceTree = "<group>"; };
		AC51C52E2103D9130047C4C5 /* ToDos.storyboard */ = {isa = PBXFileReference; lastKnownFileType = file.storyboard; path = ToDos.storyboard; sourceTree = "<group>"; };
		AC51C5302103DA490047C4C5 /* Notes.storyboard */ = {isa = PBXFileReference; lastKnownFileType = file.storyboard; path = Notes.storyboard; sourceTree = "<group>"; };
		AC51C5332103DBD60047C4C5 /* TodoDetailViewController.swift */ = {isa = PBXFileReference; lastKnownFileType = sourcecode.swift; path = TodoDetailViewController.swift; sourceTree = "<group>"; };
		AC51C5362103DC340047C4C5 /* NotesViewController.swift */ = {isa = PBXFileReference; lastKnownFileType = sourcecode.swift; path = NotesViewController.swift; sourceTree = "<group>"; };
		AC51C5382103DC4B0047C4C5 /* NotesDetailViewController.swift */ = {isa = PBXFileReference; lastKnownFileType = sourcecode.swift; path = NotesDetailViewController.swift; sourceTree = "<group>"; };
		AC5F27B120F1558F00ABD813 /* Authentication.storyboard */ = {isa = PBXFileReference; lastKnownFileType = file.storyboard; path = Authentication.storyboard; sourceTree = "<group>"; };
		AC5F27B320F15C4E00ABD813 /* SignUpViewController.swift */ = {isa = PBXFileReference; lastKnownFileType = sourcecode.swift; path = SignUpViewController.swift; sourceTree = "<group>"; };
		AC5F27B720F1634400ABD813 /* TodosViewController.swift */ = {isa = PBXFileReference; lastKnownFileType = sourcecode.swift; path = TodosViewController.swift; sourceTree = "<group>"; };
		AC5F27BA20F1654B00ABD813 /* Todo.swift */ = {isa = PBXFileReference; lastKnownFileType = sourcecode.swift; path = Todo.swift; sourceTree = "<group>"; };
		AC5F27BC20F165D200ABD813 /* Task.swift */ = {isa = PBXFileReference; lastKnownFileType = sourcecode.swift; path = Task.swift; sourceTree = "<group>"; };
		AC5F27C220F1677900ABD813 /* TodosTableViewCell.swift */ = {isa = PBXFileReference; lastKnownFileType = sourcecode.swift; path = TodosTableViewCell.swift; sourceTree = "<group>"; };
		AC5F27C320F1677900ABD813 /* TodosTableViewCell.xib */ = {isa = PBXFileReference; lastKnownFileType = file.xib; path = TodosTableViewCell.xib; sourceTree = "<group>"; };
		ACE7E89C211F7EFD00BC4F6B /* TodoEndPoint.swift */ = {isa = PBXFileReference; lastKnownFileType = sourcecode.swift; path = TodoEndPoint.swift; sourceTree = "<group>"; };
		ACE7E8B2211FA63400BC4F6B /* ShowAlertViewController.swift */ = {isa = PBXFileReference; lastKnownFileType = sourcecode.swift; path = ShowAlertViewController.swift; sourceTree = "<group>"; };
/* End PBXFileReference section */

/* Begin PBXFrameworksBuildPhase section */
		AC14D16220E81700002306B5 /* Frameworks */ = {
			isa = PBXFrameworksBuildPhase;
			buildActionMask = 2147483647;
			files = (
				AC1272A0210D059900FBCECE /* SwiftyJSON.framework in Frameworks */,
				AC1272A5210D05A000FBCECE /* Alamofire.framework in Frameworks */,
			);
			runOnlyForDeploymentPostprocessing = 0;
		};
/* End PBXFrameworksBuildPhase section */

/* Begin PBXGroup section */
		912A13002124D6350017D494 /* TodosCollectionCell */ = {
			isa = PBXGroup;
			children = (
				912A12E92124C4580017D494 /* CollectionViewCell.swift */,
				912A12EA2124C4580017D494 /* CollectionViewCell.xib */,
			);
			path = TodosCollectionCell;
			sourceTree = "<group>";
		};
		AC12726F210D050200FBCECE /* Products */ = {
			isa = PBXGroup;
			children = (
				AC12727A210D050200FBCECE /* Alamofire.framework */,
				AC12727C210D050200FBCECE /* Alamofire iOS Tests.xctest */,
				AC12727E210D050200FBCECE /* Alamofire.framework */,
				AC127280210D050200FBCECE /* Alamofire macOS Tests.xctest */,
				AC127282210D050200FBCECE /* Alamofire.framework */,
				AC127284210D050200FBCECE /* Alamofire tvOS Tests.xctest */,
				AC127286210D050200FBCECE /* Alamofire.framework */,
			);
			name = Products;
			sourceTree = "<group>";
		};
		AC127288210D056F00FBCECE /* Products */ = {
			isa = PBXGroup;
			children = (
				AC127293210D056F00FBCECE /* SwiftyJSON.framework */,
				AC127295210D056F00FBCECE /* SwiftyJSON iOS Tests.xctest */,
				AC127297210D056F00FBCECE /* SwiftyJSON.framework */,
				AC127299210D056F00FBCECE /* SwiftyJSON macOS Tests.xctest */,
				AC12729B210D056F00FBCECE /* SwiftyJSON.framework */,
				AC12729D210D056F00FBCECE /* SwiftyJSON.framework */,
				AC12729F210D056F00FBCECE /* SwiftyJSON tvOS Tests.xctest */,
			);
			name = Products;
			sourceTree = "<group>";
		};
		AC1272A9210D084000FBCECE /* Network */ = {
			isa = PBXGroup;
			children = (
				AC1272AC210D087D00FBCECE /* TodoAPI.swift */,
				ACE7E89C211F7EFD00BC4F6B /* TodoEndPoint.swift */,
			);
			path = Network;
			sourceTree = "<group>";
		};
		AC14D15C20E816FF002306B5 = {
			isa = PBXGroup;
			children = (
				AC127287210D056F00FBCECE /* SwiftyJSON.xcodeproj */,
				AC12726E210D050200FBCECE /* Alamofire.xcodeproj */,
				AC14D16720E81700002306B5 /* MyTodoApp */,
				AC14D16620E81700002306B5 /* Products */,
			);
			sourceTree = "<group>";
		};
		AC14D16620E81700002306B5 /* Products */ = {
			isa = PBXGroup;
			children = (
				AC14D16520E81700002306B5 /* MyTodoApp.app */,
			);
			name = Products;
			sourceTree = "<group>";
		};
		AC14D16720E81700002306B5 /* MyTodoApp */ = {
			isa = PBXGroup;
			children = (
				AC1272A9210D084000FBCECE /* Network */,
				AC5F27BE20F1673500ABD813 /* Views */,
				AC5F27B920F1652E00ABD813 /* Models */,
				AC14D17E20E81979002306B5 /* Controllers */,
				AC14D17D20E81935002306B5 /* Storyboard */,
				AC14D16820E81700002306B5 /* AppDelegate.swift */,
				AC14D17220E81702002306B5 /* Assets.xcassets */,
				AC14D17420E81702002306B5 /* LaunchScreen.storyboard */,
				AC14D17720E81702002306B5 /* Info.plist */,
				AC14D16F20E81700002306B5 /* MyTodoApp.xcdatamodeld */,
			);
			path = MyTodoApp;
			sourceTree = "<group>";
		};
		AC14D17D20E81935002306B5 /* Storyboard */ = {
			isa = PBXGroup;
			children = (
				AC14D18620E82A13002306B5 /* Home.storyboard */,
				AC5F27B120F1558F00ABD813 /* Authentication.storyboard */,
				AC51C52E2103D9130047C4C5 /* ToDos.storyboard */,
				AC51C5302103DA490047C4C5 /* Notes.storyboard */,
			);
			path = Storyboard;
			sourceTree = "<group>";
		};
		AC14D17E20E81979002306B5 /* Controllers */ = {
			isa = PBXGroup;
			children = (
				ACE7E8B1211FA60600BC4F6B /* Extension */,
				AC50FCF0210D003900EA09B5 /* Home */,
				AC51C5352103DC1D0047C4C5 /* Notes */,
				AC51C5322103DB990047C4C5 /* ToDos */,
				AC5F27B520F1630900ABD813 /* Authentication */,
			);
			path = Controllers;
			sourceTree = "<group>";
		};
		AC50FCF0210D003900EA09B5 /* Home */ = {
			isa = PBXGroup;
			children = (
				AC50FCF1210D004F00EA09B5 /* AboutViewController.swift */,
			);
			path = Home;
			sourceTree = "<group>";
		};
		AC51C5322103DB990047C4C5 /* ToDos */ = {
			isa = PBXGroup;
			children = (
				AC5F27B720F1634400ABD813 /* TodosViewController.swift */,
				AC51C5332103DBD60047C4C5 /* TodoDetailViewController.swift */,
				912A12ED2124C4E30017D494 /* TodoViewController.swift */,
				915C8BAB212715E5007F6C11 /* TodoDetViewController.swift */,
			);
			path = ToDos;
			sourceTree = "<group>";
		};
		AC51C5352103DC1D0047C4C5 /* Notes */ = {
			isa = PBXGroup;
			children = (
				AC51C5362103DC340047C4C5 /* NotesViewController.swift */,
				AC51C5382103DC4B0047C4C5 /* NotesDetailViewController.swift */,
			);
			path = Notes;
			sourceTree = "<group>";
		};
		AC5F27B520F1630900ABD813 /* Authentication */ = {
			isa = PBXGroup;
			children = (
				AC14D18220E81ACA002306B5 /* SignInViewController.swift */,
				AC5F27B320F15C4E00ABD813 /* SignUpViewController.swift */,
			);
			path = Authentication;
			sourceTree = "<group>";
		};
		AC5F27B920F1652E00ABD813 /* Models */ = {
			isa = PBXGroup;
			children = (
				AC5F27BA20F1654B00ABD813 /* Todo.swift */,
				AC5F27BC20F165D200ABD813 /* Task.swift */,
				91691852212329CA00CB76F0 /* Notes.swift */,
			);
			path = Models;
			sourceTree = "<group>";
		};
		AC5F27BE20F1673500ABD813 /* Views */ = {
			isa = PBXGroup;
			children = (
				912A13002124D6350017D494 /* TodosCollectionCell */,
				AC5F27BF20F1673C00ABD813 /* TodosTableCell */,
			);
			path = Views;
			sourceTree = "<group>";
		};
		AC5F27BF20F1673C00ABD813 /* TodosTableCell */ = {
			isa = PBXGroup;
			children = (
				AC5F27C220F1677900ABD813 /* TodosTableViewCell.swift */,
				AC5F27C320F1677900ABD813 /* TodosTableViewCell.xib */,
			);
			path = TodosTableCell;
			sourceTree = "<group>";
		};
		ACE7E8B1211FA60600BC4F6B /* Extension */ = {
			isa = PBXGroup;
			children = (
				ACE7E8B2211FA63400BC4F6B /* ShowAlertViewController.swift */,
			);
			path = Extension;
			sourceTree = "<group>";
		};
/* End PBXGroup section */

/* Begin PBXNativeTarget section */
		AC14D16420E81700002306B5 /* MyTodoApp */ = {
			isa = PBXNativeTarget;
			buildConfigurationList = AC14D17A20E81702002306B5 /* Build configuration list for PBXNativeTarget "MyTodoApp" */;
			buildPhases = (
				AC14D16120E81700002306B5 /* Sources */,
				AC14D16220E81700002306B5 /* Frameworks */,
				AC14D16320E81700002306B5 /* Resources */,
				AC1272A4210D059900FBCECE /* Embed Frameworks */,
			);
			buildRules = (
			);
			dependencies = (
				AC1272A3210D059900FBCECE /* PBXTargetDependency */,
				AC1272A8210D05A000FBCECE /* PBXTargetDependency */,
			);
			name = MyTodoApp;
			productName = MyTodoApp;
			productReference = AC14D16520E81700002306B5 /* MyTodoApp.app */;
			productType = "com.apple.product-type.application";
		};
/* End PBXNativeTarget section */

/* Begin PBXProject section */
		AC14D15D20E816FF002306B5 /* Project object */ = {
			isa = PBXProject;
			attributes = {
				LastSwiftUpdateCheck = 0940;
				LastUpgradeCheck = 0940;
				ORGANIZATIONNAME = Doapps;
				TargetAttributes = {
					AC14D16420E81700002306B5 = {
						CreatedOnToolsVersion = 9.4;
						LastSwiftMigration = 0940;
						ProvisioningStyle = Automatic;
					};
				};
			};
			buildConfigurationList = AC14D16020E816FF002306B5 /* Build configuration list for PBXProject "MyTodoApp" */;
			compatibilityVersion = "Xcode 8.0";
			developmentRegion = en;
			hasScannedForEncodings = 0;
			knownRegions = (
				en,
				Base,
			);
			mainGroup = AC14D15C20E816FF002306B5;
			productRefGroup = AC14D16620E81700002306B5 /* Products */;
			projectDirPath = "";
			projectReferences = (
				{
					ProductGroup = AC12726F210D050200FBCECE /* Products */;
					ProjectRef = AC12726E210D050200FBCECE /* Alamofire.xcodeproj */;
				},
				{
					ProductGroup = AC127288210D056F00FBCECE /* Products */;
					ProjectRef = AC127287210D056F00FBCECE /* SwiftyJSON.xcodeproj */;
				},
			);
			projectRoot = "";
			targets = (
				AC14D16420E81700002306B5 /* MyTodoApp */,
			);
		};
/* End PBXProject section */

/* Begin PBXReferenceProxy section */
		AC12727A210D050200FBCECE /* Alamofire.framework */ = {
			isa = PBXReferenceProxy;
			fileType = wrapper.framework;
			path = Alamofire.framework;
			remoteRef = AC127279210D050200FBCECE /* PBXContainerItemProxy */;
			sourceTree = BUILT_PRODUCTS_DIR;
		};
		AC12727C210D050200FBCECE /* Alamofire iOS Tests.xctest */ = {
			isa = PBXReferenceProxy;
			fileType = wrapper.cfbundle;
			path = "Alamofire iOS Tests.xctest";
			remoteRef = AC12727B210D050200FBCECE /* PBXContainerItemProxy */;
			sourceTree = BUILT_PRODUCTS_DIR;
		};
		AC12727E210D050200FBCECE /* Alamofire.framework */ = {
			isa = PBXReferenceProxy;
			fileType = wrapper.framework;
			path = Alamofire.framework;
			remoteRef = AC12727D210D050200FBCECE /* PBXContainerItemProxy */;
			sourceTree = BUILT_PRODUCTS_DIR;
		};
		AC127280210D050200FBCECE /* Alamofire macOS Tests.xctest */ = {
			isa = PBXReferenceProxy;
			fileType = wrapper.cfbundle;
			path = "Alamofire macOS Tests.xctest";
			remoteRef = AC12727F210D050200FBCECE /* PBXContainerItemProxy */;
			sourceTree = BUILT_PRODUCTS_DIR;
		};
		AC127282210D050200FBCECE /* Alamofire.framework */ = {
			isa = PBXReferenceProxy;
			fileType = wrapper.framework;
			path = Alamofire.framework;
			remoteRef = AC127281210D050200FBCECE /* PBXContainerItemProxy */;
			sourceTree = BUILT_PRODUCTS_DIR;
		};
		AC127284210D050200FBCECE /* Alamofire tvOS Tests.xctest */ = {
			isa = PBXReferenceProxy;
			fileType = wrapper.cfbundle;
			path = "Alamofire tvOS Tests.xctest";
			remoteRef = AC127283210D050200FBCECE /* PBXContainerItemProxy */;
			sourceTree = BUILT_PRODUCTS_DIR;
		};
		AC127286210D050200FBCECE /* Alamofire.framework */ = {
			isa = PBXReferenceProxy;
			fileType = wrapper.framework;
			path = Alamofire.framework;
			remoteRef = AC127285210D050200FBCECE /* PBXContainerItemProxy */;
			sourceTree = BUILT_PRODUCTS_DIR;
		};
		AC127293210D056F00FBCECE /* SwiftyJSON.framework */ = {
			isa = PBXReferenceProxy;
			fileType = wrapper.framework;
			path = SwiftyJSON.framework;
			remoteRef = AC127292210D056F00FBCECE /* PBXContainerItemProxy */;
			sourceTree = BUILT_PRODUCTS_DIR;
		};
		AC127295210D056F00FBCECE /* SwiftyJSON iOS Tests.xctest */ = {
			isa = PBXReferenceProxy;
			fileType = wrapper.cfbundle;
			path = "SwiftyJSON iOS Tests.xctest";
			remoteRef = AC127294210D056F00FBCECE /* PBXContainerItemProxy */;
			sourceTree = BUILT_PRODUCTS_DIR;
		};
		AC127297210D056F00FBCECE /* SwiftyJSON.framework */ = {
			isa = PBXReferenceProxy;
			fileType = wrapper.framework;
			path = SwiftyJSON.framework;
			remoteRef = AC127296210D056F00FBCECE /* PBXContainerItemProxy */;
			sourceTree = BUILT_PRODUCTS_DIR;
		};
		AC127299210D056F00FBCECE /* SwiftyJSON macOS Tests.xctest */ = {
			isa = PBXReferenceProxy;
			fileType = wrapper.cfbundle;
			path = "SwiftyJSON macOS Tests.xctest";
			remoteRef = AC127298210D056F00FBCECE /* PBXContainerItemProxy */;
			sourceTree = BUILT_PRODUCTS_DIR;
		};
		AC12729B210D056F00FBCECE /* SwiftyJSON.framework */ = {
			isa = PBXReferenceProxy;
			fileType = wrapper.framework;
			path = SwiftyJSON.framework;
			remoteRef = AC12729A210D056F00FBCECE /* PBXContainerItemProxy */;
			sourceTree = BUILT_PRODUCTS_DIR;
		};
		AC12729D210D056F00FBCECE /* SwiftyJSON.framework */ = {
			isa = PBXReferenceProxy;
			fileType = wrapper.framework;
			path = SwiftyJSON.framework;
			remoteRef = AC12729C210D056F00FBCECE /* PBXContainerItemProxy */;
			sourceTree = BUILT_PRODUCTS_DIR;
		};
		AC12729F210D056F00FBCECE /* SwiftyJSON tvOS Tests.xctest */ = {
			isa = PBXReferenceProxy;
			fileType = wrapper.cfbundle;
			path = "SwiftyJSON tvOS Tests.xctest";
			remoteRef = AC12729E210D056F00FBCECE /* PBXContainerItemProxy */;
			sourceTree = BUILT_PRODUCTS_DIR;
		};
/* End PBXReferenceProxy section */

/* Begin PBXResourcesBuildPhase section */
		AC14D16320E81700002306B5 /* Resources */ = {
			isa = PBXResourcesBuildPhase;
			buildActionMask = 2147483647;
			files = (
				AC14D17620E81702002306B5 /* LaunchScreen.storyboard in Resources */,
				AC51C5312103DA490047C4C5 /* Notes.storyboard in Resources */,
				AC14D17320E81702002306B5 /* Assets.xcassets in Resources */,
				AC14D18720E82A13002306B5 /* Home.storyboard in Resources */,
				AC5F27C520F1677900ABD813 /* TodosTableViewCell.xib in Resources */,
				AC51C52F2103D9130047C4C5 /* ToDos.storyboard in Resources */,
				AC5F27B220F1558F00ABD813 /* Authentication.storyboard in Resources */,
				912A12EC2124C4580017D494 /* CollectionViewCell.xib in Resources */,
			);
			runOnlyForDeploymentPostprocessing = 0;
		};
/* End PBXResourcesBuildPhase section */

/* Begin PBXSourcesBuildPhase section */
		AC14D16120E81700002306B5 /* Sources */ = {
			isa = PBXSourcesBuildPhase;
			buildActionMask = 2147483647;
			files = (
				AC14D17120E81700002306B5 /* MyTodoApp.xcdatamodeld in Sources */,
				AC5F27BB20F1654B00ABD813 /* Todo.swift in Sources */,
				912A12EB2124C4580017D494 /* CollectionViewCell.swift in Sources */,
				AC51C5392103DC4B0047C4C5 /* NotesDetailViewController.swift in Sources */,
				AC14D16920E81700002306B5 /* AppDelegate.swift in Sources */,
				AC5F27B420F15C4E00ABD813 /* SignUpViewController.swift in Sources */,
				ACE7E8B3211FA63400BC4F6B /* ShowAlertViewController.swift in Sources */,
				AC5F27B820F1634400ABD813 /* TodosViewController.swift in Sources */,
				ACE7E89D211F7EFD00BC4F6B /* TodoEndPoint.swift in Sources */,
				AC50FCF2210D004F00EA09B5 /* AboutViewController.swift in Sources */,
				912A12EE2124C4E30017D494 /* TodoViewController.swift in Sources */,
				915C8BAC212715E5007F6C11 /* TodoDetViewController.swift in Sources */,
				AC5F27BD20F165D200ABD813 /* Task.swift in Sources */,
				AC1272AD210D087D00FBCECE /* TodoAPI.swift in Sources */,
				AC51C5372103DC340047C4C5 /* NotesViewController.swift in Sources */,
				AC14D18320E81ACA002306B5 /* SignInViewController.swift in Sources */,
				AC5F27C420F1677900ABD813 /* TodosTableViewCell.swift in Sources */,
				AC51C5342103DBD60047C4C5 /* TodoDetailViewController.swift in Sources */,
				91691853212329CA00CB76F0 /* Notes.swift in Sources */,
			);
			runOnlyForDeploymentPostprocessing = 0;
		};
/* End PBXSourcesBuildPhase section */

/* Begin PBXTargetDependency section */
		AC1272A3210D059900FBCECE /* PBXTargetDependency */ = {
			isa = PBXTargetDependency;
			name = "SwiftyJSON iOS";
			targetProxy = AC1272A2210D059900FBCECE /* PBXContainerItemProxy */;
		};
		AC1272A8210D05A000FBCECE /* PBXTargetDependency */ = {
			isa = PBXTargetDependency;
			name = "Alamofire iOS";
			targetProxy = AC1272A7210D05A000FBCECE /* PBXContainerItemProxy */;
		};
/* End PBXTargetDependency section */

/* Begin PBXVariantGroup section */
		AC14D17420E81702002306B5 /* LaunchScreen.storyboard */ = {
			isa = PBXVariantGroup;
			children = (
				AC14D17520E81702002306B5 /* Base */,
			);
			name = LaunchScreen.storyboard;
			sourceTree = "<group>";
		};
/* End PBXVariantGroup section */

/* Begin XCBuildConfiguration section */
		AC14D17820E81702002306B5 /* Debug */ = {
			isa = XCBuildConfiguration;
			buildSettings = {
				ALWAYS_SEARCH_USER_PATHS = NO;
				CLANG_ANALYZER_NONNULL = YES;
				CLANG_ANALYZER_NUMBER_OBJECT_CONVERSION = YES_AGGRESSIVE;
				CLANG_CXX_LANGUAGE_STANDARD = "gnu++14";
				CLANG_CXX_LIBRARY = "libc++";
				CLANG_ENABLE_MODULES = YES;
				CLANG_ENABLE_OBJC_ARC = YES;
				CLANG_ENABLE_OBJC_WEAK = YES;
				CLANG_WARN_BLOCK_CAPTURE_AUTORELEASING = YES;
				CLANG_WARN_BOOL_CONVERSION = YES;
				CLANG_WARN_COMMA = YES;
				CLANG_WARN_CONSTANT_CONVERSION = YES;
				CLANG_WARN_DEPRECATED_OBJC_IMPLEMENTATIONS = YES;
				CLANG_WARN_DIRECT_OBJC_ISA_USAGE = YES_ERROR;
				CLANG_WARN_DOCUMENTATION_COMMENTS = YES;
				CLANG_WARN_EMPTY_BODY = YES;
				CLANG_WARN_ENUM_CONVERSION = YES;
				CLANG_WARN_INFINITE_RECURSION = YES;
				CLANG_WARN_INT_CONVERSION = YES;
				CLANG_WARN_NON_LITERAL_NULL_CONVERSION = YES;
				CLANG_WARN_OBJC_IMPLICIT_RETAIN_SELF = YES;
				CLANG_WARN_OBJC_LITERAL_CONVERSION = YES;
				CLANG_WARN_OBJC_ROOT_CLASS = YES_ERROR;
				CLANG_WARN_RANGE_LOOP_ANALYSIS = YES;
				CLANG_WARN_STRICT_PROTOTYPES = YES;
				CLANG_WARN_SUSPICIOUS_MOVE = YES;
				CLANG_WARN_UNGUARDED_AVAILABILITY = YES_AGGRESSIVE;
				CLANG_WARN_UNREACHABLE_CODE = YES;
				CLANG_WARN__DUPLICATE_METHOD_MATCH = YES;
				CODE_SIGN_IDENTITY = "iPhone Developer";
				COPY_PHASE_STRIP = NO;
				DEBUG_INFORMATION_FORMAT = dwarf;
				ENABLE_STRICT_OBJC_MSGSEND = YES;
				ENABLE_TESTABILITY = YES;
				GCC_C_LANGUAGE_STANDARD = gnu11;
				GCC_DYNAMIC_NO_PIC = NO;
				GCC_NO_COMMON_BLOCKS = YES;
				GCC_OPTIMIZATION_LEVEL = 0;
				GCC_PREPROCESSOR_DEFINITIONS = (
					"DEBUG=1",
					"$(inherited)",
				);
				GCC_WARN_64_TO_32_BIT_CONVERSION = YES;
				GCC_WARN_ABOUT_RETURN_TYPE = YES_ERROR;
				GCC_WARN_UNDECLARED_SELECTOR = YES;
				GCC_WARN_UNINITIALIZED_AUTOS = YES_AGGRESSIVE;
				GCC_WARN_UNUSED_FUNCTION = YES;
				GCC_WARN_UNUSED_VARIABLE = YES;
				IPHONEOS_DEPLOYMENT_TARGET = 11.4;
				MTL_ENABLE_DEBUG_INFO = YES;
				ONLY_ACTIVE_ARCH = YES;
				SDKROOT = iphoneos;
				SWIFT_ACTIVE_COMPILATION_CONDITIONS = DEBUG;
				SWIFT_OPTIMIZATION_LEVEL = "-Onone";
			};
			name = Debug;
		};
		AC14D17920E81702002306B5 /* Release */ = {
			isa = XCBuildConfiguration;
			buildSettings = {
				ALWAYS_SEARCH_USER_PATHS = NO;
				CLANG_ANALYZER_NONNULL = YES;
				CLANG_ANALYZER_NUMBER_OBJECT_CONVERSION = YES_AGGRESSIVE;
				CLANG_CXX_LANGUAGE_STANDARD = "gnu++14";
				CLANG_CXX_LIBRARY = "libc++";
				CLANG_ENABLE_MODULES = YES;
				CLANG_ENABLE_OBJC_ARC = YES;
				CLANG_ENABLE_OBJC_WEAK = YES;
				CLANG_WARN_BLOCK_CAPTURE_AUTORELEASING = YES;
				CLANG_WARN_BOOL_CONVERSION = YES;
				CLANG_WARN_COMMA = YES;
				CLANG_WARN_CONSTANT_CONVERSION = YES;
				CLANG_WARN_DEPRECATED_OBJC_IMPLEMENTATIONS = YES;
				CLANG_WARN_DIRECT_OBJC_ISA_USAGE = YES_ERROR;
				CLANG_WARN_DOCUMENTATION_COMMENTS = YES;
				CLANG_WARN_EMPTY_BODY = YES;
				CLANG_WARN_ENUM_CONVERSION = YES;
				CLANG_WARN_INFINITE_RECURSION = YES;
				CLANG_WARN_INT_CONVERSION = YES;
				CLANG_WARN_NON_LITERAL_NULL_CONVERSION = YES;
				CLANG_WARN_OBJC_IMPLICIT_RETAIN_SELF = YES;
				CLANG_WARN_OBJC_LITERAL_CONVERSION = YES;
				CLANG_WARN_OBJC_ROOT_CLASS = YES_ERROR;
				CLANG_WARN_RANGE_LOOP_ANALYSIS = YES;
				CLANG_WARN_STRICT_PROTOTYPES = YES;
				CLANG_WARN_SUSPICIOUS_MOVE = YES;
				CLANG_WARN_UNGUARDED_AVAILABILITY = YES_AGGRESSIVE;
				CLANG_WARN_UNREACHABLE_CODE = YES;
				CLANG_WARN__DUPLICATE_METHOD_MATCH = YES;
				CODE_SIGN_IDENTITY = "iPhone Developer";
				COPY_PHASE_STRIP = NO;
				DEBUG_INFORMATION_FORMAT = "dwarf-with-dsym";
				ENABLE_NS_ASSERTIONS = NO;
				ENABLE_STRICT_OBJC_MSGSEND = YES;
				GCC_C_LANGUAGE_STANDARD = gnu11;
				GCC_NO_COMMON_BLOCKS = YES;
				GCC_WARN_64_TO_32_BIT_CONVERSION = YES;
				GCC_WARN_ABOUT_RETURN_TYPE = YES_ERROR;
				GCC_WARN_UNDECLARED_SELECTOR = YES;
				GCC_WARN_UNINITIALIZED_AUTOS = YES_AGGRESSIVE;
				GCC_WARN_UNUSED_FUNCTION = YES;
				GCC_WARN_UNUSED_VARIABLE = YES;
				IPHONEOS_DEPLOYMENT_TARGET = 11.4;
				MTL_ENABLE_DEBUG_INFO = NO;
				SDKROOT = iphoneos;
				SWIFT_OPTIMIZATION_LEVEL = "-Owholemodule";
				VALIDATE_PRODUCT = YES;
			};
			name = Release;
		};
		AC14D17B20E81702002306B5 /* Debug */ = {
			isa = XCBuildConfiguration;
			buildSettings = {
				ALWAYS_EMBED_SWIFT_STANDARD_LIBRARIES = YES;
				ASSETCATALOG_COMPILER_APPICON_NAME = AppIcon;
				CLANG_ENABLE_MODULES = YES;
				CODE_SIGN_STYLE = Automatic;
				INFOPLIST_FILE = MyTodoApp/Info.plist;
				LD_RUNPATH_SEARCH_PATHS = "$(inherited) @executable_path/Frameworks";
				PRODUCT_BUNDLE_IDENTIFIER = me.doapps.MyTodoApp;
				PRODUCT_NAME = "$(TARGET_NAME)";
				SWIFT_OPTIMIZATION_LEVEL = "-Onone";
				SWIFT_VERSION = 4.0;
				TARGETED_DEVICE_FAMILY = "1,2";
			};
			name = Debug;
		};
		AC14D17C20E81702002306B5 /* Release */ = {
			isa = XCBuildConfiguration;
			buildSettings = {
				ALWAYS_EMBED_SWIFT_STANDARD_LIBRARIES = YES;
				ASSETCATALOG_COMPILER_APPICON_NAME = AppIcon;
				CLANG_ENABLE_MODULES = YES;
				CODE_SIGN_STYLE = Automatic;
				INFOPLIST_FILE = MyTodoApp/Info.plist;
				LD_RUNPATH_SEARCH_PATHS = "$(inherited) @executable_path/Frameworks";
				PRODUCT_BUNDLE_IDENTIFIER = me.doapps.MyTodoApp;
				PRODUCT_NAME = "$(TARGET_NAME)";
				SWIFT_VERSION = 4.0;
				TARGETED_DEVICE_FAMILY = "1,2";
			};
			name = Release;
		};
/* End XCBuildConfiguration section */

/* Begin XCConfigurationList section */
		AC14D16020E816FF002306B5 /* Build configuration list for PBXProject "MyTodoApp" */ = {
			isa = XCConfigurationList;
			buildConfigurations = (
				AC14D17820E81702002306B5 /* Debug */,
				AC14D17920E81702002306B5 /* Release */,
			);
			defaultConfigurationIsVisible = 0;
			defaultConfigurationName = Release;
		};
		AC14D17A20E81702002306B5 /* Build configuration list for PBXNativeTarget "MyTodoApp" */ = {
			isa = XCConfigurationList;
			buildConfigurations = (
				AC14D17B20E81702002306B5 /* Debug */,
				AC14D17C20E81702002306B5 /* Release */,
			);
			defaultConfigurationIsVisible = 0;
			defaultConfigurationName = Release;
		};
/* End XCConfigurationList section */

/* Begin XCVersionGroup section */
		AC14D16F20E81700002306B5 /* MyTodoApp.xcdatamodeld */ = {
			isa = XCVersionGroup;
			children = (
				AC14D17020E81700002306B5 /* MyTodoApp.xcdatamodel */,
			);
			currentVersion = AC14D17020E81700002306B5 /* MyTodoApp.xcdatamodel */;
			path = MyTodoApp.xcdatamodeld;
			sourceTree = "<group>";
			versionGroupType = wrapper.xcdatamodel;
		};
/* End XCVersionGroup section */
	};
	rootObject = AC14D15D20E816FF002306B5 /* Project object */;
}
